// !$*UTF8*$!
{
	archiveVersion = 1;
	classes = {
	};
	objectVersion = 56;
	objects = {

/* Begin PBXBuildFile section */
		1A0000010000000000000001 /* BoardModels.swift in Sources */ = {isa = PBXBuildFile; fileRef = 1A0000020000000000000001 /* BoardModels.swift */; };
		1A0000010000000000000002 /* BoardStore.swift in Sources */ = {isa = PBXBuildFile; fileRef = 1A0000020000000000000002 /* BoardStore.swift */; };
		1A0000010000000000000003 /* CanvasView.swift in Sources */ = {isa = PBXBuildFile; fileRef = 1A0000020000000000000003 /* CanvasView.swift */; };
		1A0000010000000000000004 /* ContentView.swift in Sources */ = {isa = PBXBuildFile; fileRef = 1A0000020000000000000004 /* ContentView.swift */; };
		1A0000010000000000000005 /* ImageCache.swift in Sources */ = {isa = PBXBuildFile; fileRef = 1A0000020000000000000005 /* ImageCache.swift */; };
		1A0000010000000000000006 /* ImageCanvasApp.swift in Sources */ = {isa = PBXBuildFile; fileRef = 1A0000020000000000000006 /* ImageCanvasApp.swift */; };
		1A0000010000000000000007 /* ImageImporting.swift in Sources */ = {isa = PBXBuildFile; fileRef = 1A0000020000000000000007 /* ImageImporting.swift */; };
		1A0000010000000000000008 /* LayoutEngine.swift in Sources */ = {isa = PBXBuildFile; fileRef = 1A0000020000000000000008 /* LayoutEngine.swift */; };
		1A0000010000000000000009 /* Notifications.swift in Sources */ = {isa = PBXBuildFile; fileRef = 1A0000020000000000000009 /* Notifications.swift */; };
		1A000001000000000000000A /* WindowChromeConfigurator.swift in Sources */ = {isa = PBXBuildFile; fileRef = 1A000002000000000000000A /* WindowChromeConfigurator.swift */; };
		1A000001000000000000000B /* AppPreferences.swift in Sources */ = {isa = PBXBuildFile; fileRef = 1A000002000000000000000F /* AppPreferences.swift */; };
		1A000001000000000000000C /* SnapshotExport.swift in Sources */ = {isa = PBXBuildFile; fileRef = 1A0000020000000000000010 /* SnapshotExport.swift */; };
		1A000001000000000000000D /* AppUpdate.swift in Sources */ = {isa = PBXBuildFile; fileRef = 1A0000020000000000000011 /* AppUpdate.swift */; };
		1A000001000000000000000E /* ImageCanvasUpdateHelper.sh in Resources */ = {isa = PBXBuildFile; fileRef = 1A0000020000000000000012 /* ImageCanvasUpdateHelper.sh */; };
		EB2637332FFEEA4E0054B046 /* ImageCanvas.icon in Resources */ = {isa = PBXBuildFile; fileRef = EB2637322FFEEA4E0054B046 /* ImageCanvas.icon */; };
/* End PBXBuildFile section */

/* Begin PBXFileReference section */
		1A0000020000000000000001 /* BoardModels.swift */ = {isa = PBXFileReference; lastKnownFileType = sourcecode.swift; path = BoardModels.swift; sourceTree = "<group>"; };
		1A0000020000000000000002 /* BoardStore.swift */ = {isa = PBXFileReference; lastKnownFileType = sourcecode.swift; path = BoardStore.swift; sourceTree = "<group>"; };
		1A0000020000000000000003 /* CanvasView.swift */ = {isa = PBXFileReference; lastKnownFileType = sourcecode.swift; path = CanvasView.swift; sourceTree = "<group>"; };
		1A0000020000000000000004 /* ContentView.swift */ = {isa = PBXFileReference; lastKnownFileType = sourcecode.swift; path = ContentView.swift; sourceTree = "<group>"; };
		1A0000020000000000000005 /* ImageCache.swift */ = {isa = PBXFileReference; lastKnownFileType = sourcecode.swift; path = ImageCache.swift; sourceTree = "<group>"; };
		1A0000020000000000000006 /* ImageCanvasApp.swift */ = {isa = PBXFileReference; lastKnownFileType = sourcecode.swift; path = ImageCanvasApp.swift; sourceTree = "<group>"; };
		1A0000020000000000000007 /* ImageImporting.swift */ = {isa = PBXFileReference; lastKnownFileType = sourcecode.swift; path = ImageImporting.swift; sourceTree = "<group>"; };
		1A0000020000000000000008 /* LayoutEngine.swift */ = {isa = PBXFileReference; lastKnownFileType = sourcecode.swift; path = LayoutEngine.swift; sourceTree = "<group>"; };
		1A0000020000000000000009 /* Notifications.swift */ = {isa = PBXFileReference; lastKnownFileType = sourcecode.swift; path = Notifications.swift; sourceTree = "<group>"; };
		1A000002000000000000000A /* WindowChromeConfigurator.swift */ = {isa = PBXFileReference; lastKnownFileType = sourcecode.swift; path = WindowChromeConfigurator.swift; sourceTree = "<group>"; };
		1A000002000000000000000B /* Info.plist */ = {isa = PBXFileReference; lastKnownFileType = text.plist.xml; path = Info.plist; sourceTree = "<group>"; };
		1A000002000000000000000C /* Package.swift */ = {isa = PBXFileReference; lastKnownFileType = sourcecode.swift; path = Package.swift; sourceTree = "<group>"; };
		1A000002000000000000000D /* package_app.sh */ = {isa = PBXFileReference; lastKnownFileType = text.script.sh; path = package_app.sh; sourceTree = "<group>"; };
		1A000002000000000000000E /* ImageCanvas.app */ = {isa = PBXFileReference; explicitFileType = wrapper.application; includeInIndex = 0; path = ImageCanvas.app; sourceTree = BUILT_PRODUCTS_DIR; };
		1A000002000000000000000F /* AppPreferences.swift */ = {isa = PBXFileReference; lastKnownFileType = sourcecode.swift; path = AppPreferences.swift; sourceTree = "<group>"; };
		1A0000020000000000000010 /* SnapshotExport.swift */ = {isa = PBXFileReference; lastKnownFileType = sourcecode.swift; path = SnapshotExport.swift; sourceTree = "<group>"; };
		1A0000020000000000000011 /* AppUpdate.swift */ = {isa = PBXFileReference; lastKnownFileType = sourcecode.swift; path = AppUpdate.swift; sourceTree = "<group>"; };
		1A0000020000000000000012 /* ImageCanvasUpdateHelper.sh */ = {isa = PBXFileReference; lastKnownFileType = text.script.sh; path = ImageCanvasUpdateHelper.sh; sourceTree = "<group>"; };
		EB2637322FFEEA4E0054B046 /* ImageCanvas.icon */ = {isa = PBXFileReference; lastKnownFileType = folder.iconcomposer.icon; path = ImageCanvas.icon; sourceTree = "<group>"; };
/* End PBXFileReference section */

/* Begin PBXFrameworksBuildPhase section */
		1A0000030000000000000001 /* Frameworks */ = {
			isa = PBXFrameworksBuildPhase;
			buildActionMask = 2147483647;
			files = (
			);
			runOnlyForDeploymentPostprocessing = 0;
		};
/* End PBXFrameworksBuildPhase section */

/* Begin PBXGroup section */
		1A0000040000000000000001 = {
			isa = PBXGroup;
			children = (
				1A000002000000000000000C /* Package.swift */,
				1A0000040000000000000002 /* Sources */,
				1A0000040000000000000004 /* Assets */,
				1A0000040000000000000005 /* Support */,
				1A0000040000000000000006 /* Scripts */,
				1A0000040000000000000007 /* Products */,
				EB2637322FFEEA4E0054B046 /* ImageCanvas.icon */,
			);
			sourceTree = "<group>";
		};
		1A0000040000000000000002 /* Sources */ = {
			isa = PBXGroup;
			children = (
				1A0000040000000000000003 /* ImageCanvas */,
			);
			path = Sources;
			sourceTree = "<group>";
		};
		1A0000040000000000000003 /* ImageCanvas */ = {
			isa = PBXGroup;
			children = (
				1A0000020000000000000001 /* BoardModels.swift */,
				1A0000020000000000000002 /* BoardStore.swift */,
				1A0000020000000000000003 /* CanvasView.swift */,
				1A0000020000000000000004 /* ContentView.swift */,
				1A0000020000000000000005 /* ImageCache.swift */,
				1A0000020000000000000006 /* ImageCanvasApp.swift */,
				1A0000020000000000000007 /* ImageImporting.swift */,
				1A0000020000000000000008 /* LayoutEngine.swift */,
				1A0000020000000000000009 /* Notifications.swift */,
				1A000002000000000000000A /* WindowChromeConfigurator.swift */,
				1A000002000000000000000F /* AppPreferences.swift */,
				1A0000020000000000000010 /* SnapshotExport.swift */,
				1A0000020000000000000011 /* AppUpdate.swift */,
			);
			path = ImageCanvas;
			sourceTree = "<group>";
		};
		1A0000040000000000000004 /* Assets */ = {
			isa = PBXGroup;
			children = (
			);
			path = Assets;
			sourceTree = "<group>";
		};
		1A0000040000000000000005 /* Support */ = {
			isa = PBXGroup;
			children = (
				1A000002000000000000000B /* Info.plist */,
				1A0000020000000000000012 /* ImageCanvasUpdateHelper.sh */,
			);
			path = Support;
			sourceTree = "<group>";
		};
		1A0000040000000000000006 /* Scripts */ = {
			isa = PBXGroup;
			children = (
				1A000002000000000000000D /* package_app.sh */,
			);
			path = Scripts;
			sourceTree = "<group>";
		};
		1A0000040000000000000007 /* Products */ = {
			isa = PBXGroup;
			children = (
				1A000002000000000000000E /* ImageCanvas.app */,
			);
			name = Products;
			sourceTree = "<group>";
		};
/* End PBXGroup section */

/* Begin PBXNativeTarget section */
		1A0000050000000000000001 /* ImageCanvas */ = {
			isa = PBXNativeTarget;
			buildConfigurationList = 1A0000090000000000000002 /* Build configuration list for PBXNativeTarget "ImageCanvas" */;
			buildPhases = (
				1A0000060000000000000001 /* Sources */,
				1A0000030000000000000001 /* Frameworks */,
				1A0000070000000000000001 /* Resources */,
			);
			buildRules = (
			);
			dependencies = (
			);
			name = ImageCanvas;
			productName = ImageCanvas;
			productReference = 1A000002000000000000000E /* ImageCanvas.app */;
			productType = "com.apple.product-type.application";
		};
/* End PBXNativeTarget section */

/* Begin PBXProject section */
		1A0000080000000000000001 /* Project object */ = {
			isa = PBXProject;
			attributes = {
				BuildIndependentTargetsInParallel = 1;
				LastSwiftUpdateCheck = 2700;
				LastUpgradeCheck = 2700;
				TargetAttributes = {
					1A0000050000000000000001 = {
						CreatedOnToolsVersion = 27.0;
					};
				};
			};
			buildConfigurationList = 1A0000090000000000000001 /* Build configuration list for PBXProject "ImageCanvas" */;
			compatibilityVersion = "Xcode 14.0";
			developmentRegion = en;
			hasScannedForEncodings = 0;
			knownRegions = (
				en,
				Base,
			);
			mainGroup = 1A0000040000000000000001;
			productRefGroup = 1A0000040000000000000007 /* Products */;
			projectDirPath = "";
			projectRoot = "";
			targets = (
				1A0000050000000000000001 /* ImageCanvas */,
			);
		};
/* End PBXProject section */

/* Begin PBXResourcesBuildPhase section */
		1A0000070000000000000001 /* Resources */ = {
			isa = PBXResourcesBuildPhase;
			buildActionMask = 2147483647;
			files = (
				EB2637332FFEEA4E0054B046 /* ImageCanvas.icon in Resources */,
				1A000001000000000000000E /* ImageCanvasUpdateHelper.sh in Resources */,
			);
			runOnlyForDeploymentPostprocessing = 0;
		};
/* End PBXResourcesBuildPhase section */

/* Begin PBXSourcesBuildPhase section */
		1A0000060000000000000001 /* Sources */ = {
			isa = PBXSourcesBuildPhase;
			buildActionMask = 2147483647;
			files = (
				1A0000010000000000000001 /* BoardModels.swift in Sources */,
				1A0000010000000000000002 /* BoardStore.swift in Sources */,
				1A0000010000000000000003 /* CanvasView.swift in Sources */,
				1A0000010000000000000004 /* ContentView.swift in Sources */,
				1A0000010000000000000005 /* ImageCache.swift in Sources */,
				1A0000010000000000000006 /* ImageCanvasApp.swift in Sources */,
				1A0000010000000000000007 /* ImageImporting.swift in Sources */,
				1A0000010000000000000008 /* LayoutEngine.swift in Sources */,
				1A0000010000000000000009 /* Notifications.swift in Sources */,
				1A000001000000000000000A /* WindowChromeConfigurator.swift in Sources */,
				1A000001000000000000000B /* AppPreferences.swift in Sources */,
				1A000001000000000000000C /* SnapshotExport.swift in Sources */,
				1A000001000000000000000D /* AppUpdate.swift in Sources */,
			);
			runOnlyForDeploymentPostprocessing = 0;
		};
/* End PBXSourcesBuildPhase section */

/* Begin XCBuildConfiguration section */
		1A00000A0000000000000001 /* Debug */ = {
			isa = XCBuildConfiguration;
			buildSettings = {
				ALWAYS_SEARCH_USER_PATHS = NO;
				CLANG_ANALYZER_NONNULL = YES;
				CLANG_ANALYZER_NUMBER_OBJECT_CONVERSION = YES_AGGRESSIVE;
				CLANG_CXX_LANGUAGE_STANDARD = "gnu++20";
				CLANG_ENABLE_MODULES = YES;
				CLANG_ENABLE_OBJC_ARC = YES;
				CLANG_ENABLE_OBJC_WEAK = YES;
				CLANG_WARN_BLOCK_CAPTURE_AUTORELEASING = YES;
				CLANG_WARN_BOOL_CONVERSION = YES;
				CLANG_WARN_COMMA = YES;
				CLANG_WARN_CONSTANT_CONVERSION = YES;
				CLANG_WARN_DEPRECATED_OBJC_IMPLEMENTATIONS = YES;
				CLANG_WARN_DIRECT_OBJC_ISA_USAGE = YES_ERROR;
				CLANG_WARN_DOCUMENTATION_COMMENTS = YES;
				CLANG_WARN_EMPTY_BODY = YES;
				CLANG_WARN_ENUM_CONVERSION = YES;
				CLANG_WARN_INFINITE_RECURSION = YES;
				CLANG_WARN_INT_CONVERSION = YES;
				CLANG_WARN_NON_LITERAL_NULL_CONVERSION = YES;
				CLANG_WARN_OBJC_IMPLICIT_RETAIN_SELF = YES;
				CLANG_WARN_OBJC_LITERAL_CONVERSION = YES;
				CLANG_WARN_OBJC_ROOT_CLASS = YES_ERROR;
				CLANG_WARN_QUOTED_INCLUDE_IN_FRAMEWORK_HEADER = YES;
				CLANG_WARN_RANGE_LOOP_ANALYSIS = YES;
				CLANG_WARN_STRICT_PROTOTYPES = YES;
				CLANG_WARN_SUSPICIOUS_MOVE = YES;
				CLANG_WARN_UNGUARDED_AVAILABILITY = YES_AGGRESSIVE;
				CLANG_WARN_UNREACHABLE_CODE = YES;
				CLANG_WARN__DUPLICATE_METHOD_MATCH = YES;
				COPY_PHASE_STRIP = NO;
				DEBUG_INFORMATION_FORMAT = dwarf;
				ENABLE_STRICT_OBJC_MSGSEND = YES;
				ENABLE_TESTABILITY = YES;
				ENABLE_USER_SCRIPT_SANDBOXING = YES;
				GCC_C_LANGUAGE_STANDARD = gnu17;
				GCC_DYNAMIC_NO_PIC = NO;
				GCC_NO_COMMON_BLOCKS = YES;
				GCC_OPTIMIZATION_LEVEL = 0;
				GCC_PREPROCESSOR_DEFINITIONS = (
					"DEBUG=1",
					"$(inherited)",
				);
				GCC_WARN_64_TO_32_BIT_CONVERSION = YES;
				GCC_WARN_ABOUT_RETURN_TYPE = YES_ERROR;
				GCC_WARN_UNDECLARED_SELECTOR = YES;
				GCC_WARN_UNINITIALIZED_AUTOS = YES_AGGRESSIVE;
				GCC_WARN_UNUSED_FUNCTION = YES;
				GCC_WARN_UNUSED_VARIABLE = YES;
				LOCALIZATION_PREFERS_STRING_CATALOGS = YES;
				MTL_ENABLE_DEBUG_INFO = INCLUDE_SOURCE;
				MTL_FAST_MATH = YES;
				ONLY_ACTIVE_ARCH = YES;
				SDKROOT = macosx;
				SWIFT_ACTIVE_COMPILATION_CONDITIONS = "DEBUG $(inherited)";
				SWIFT_OPTIMIZATION_LEVEL = "-Onone";
			};
			name = Debug;
		};
		1A00000A0000000000000002 /* Release */ = {
			isa = XCBuildConfiguration;
			buildSettings = {
				ALWAYS_SEARCH_USER_PATHS = NO;
				CLANG_ANALYZER_NONNULL = YES;
				CLANG_ANALYZER_NUMBER_OBJECT_CONVERSION = YES_AGGRESSIVE;
				CLANG_CXX_LANGUAGE_STANDARD = "gnu++20";
				CLANG_ENABLE_MODULES = YES;
				CLANG_ENABLE_OBJC_ARC = YES;
				CLANG_ENABLE_OBJC_WEAK = YES;
				CLANG_WARN_BLOCK_CAPTURE_AUTORELEASING = YES;
				CLANG_WARN_BOOL_CONVERSION = YES;
				CLANG_WARN_COMMA = YES;
				CLANG_WARN_CONSTANT_CONVERSION = YES;
				CLANG_WARN_DEPRECATED_OBJC_IMPLEMENTATIONS = YES;
				CLANG_WARN_DIRECT_OBJC_ISA_USAGE = YES_ERROR;
				CLANG_WARN_DOCUMENTATION_COMMENTS = YES;
				CLANG_WARN_EMPTY_BODY = YES;
				CLANG_WARN_ENUM_CONVERSION = YES;
				CLANG_WARN_INFINITE_RECURSION = YES;
				CLANG_WARN_INT_CONVERSION = YES;
				CLANG_WARN_NON_LITERAL_NULL_CONVERSION = YES;
				CLANG_WARN_OBJC_IMPLICIT_RETAIN_SELF = YES;
				CLANG_WARN_OBJC_LITERAL_CONVERSION = YES;
				CLANG_WARN_OBJC_ROOT_CLASS = YES_ERROR;
				CLANG_WARN_QUOTED_INCLUDE_IN_FRAMEWORK_HEADER = YES;
				CLANG_WARN_RANGE_LOOP_ANALYSIS = YES;
				CLANG_WARN_STRICT_PROTOTYPES = YES;
				CLANG_WARN_SUSPICIOUS_MOVE = YES;
				CLANG_WARN_UNGUARDED_AVAILABILITY = YES_AGGRESSIVE;
				CLANG_WARN_UNREACHABLE_CODE = YES;
				CLANG_WARN__DUPLICATE_METHOD_MATCH = YES;
				COPY_PHASE_STRIP = NO;
				DEBUG_INFORMATION_FORMAT = "dwarf-with-dsym";
				ENABLE_NS_ASSERTIONS = NO;
				ENABLE_STRICT_OBJC_MSGSEND = YES;
				ENABLE_USER_SCRIPT_SANDBOXING = YES;
				GCC_C_LANGUAGE_STANDARD = gnu17;
				GCC_NO_COMMON_BLOCKS = YES;
				GCC_WARN_64_TO_32_BIT_CONVERSION = YES;
				GCC_WARN_ABOUT_RETURN_TYPE = YES_ERROR;
				GCC_WARN_UNDECLARED_SELECTOR = YES;
				GCC_WARN_UNINITIALIZED_AUTOS = YES_AGGRESSIVE;
				GCC_WARN_UNUSED_FUNCTION = YES;
				GCC_WARN_UNUSED_VARIABLE = YES;
				LOCALIZATION_PREFERS_STRING_CATALOGS = YES;
				MTL_ENABLE_DEBUG_INFO = NO;
				MTL_FAST_MATH = YES;
				SDKROOT = macosx;
				SWIFT_COMPILATION_MODE = wholemodule;
			};
			name = Release;
		};
		1A00000A0000000000000003 /* Debug */ = {
			isa = XCBuildConfiguration;
			buildSettings = {
				ASSETCATALOG_COMPILER_APPICON_NAME = ImageCanvas;
				ASSETCATALOG_COMPILER_INCLUDE_ALL_APPICON_ASSETS = NO;
				CODE_SIGN_IDENTITY = "-";
				CODE_SIGN_STYLE = Manual;
				CURRENT_PROJECT_VERSION = 4;
				DEVELOPMENT_TEAM = "";
				ENABLE_HARDENED_RUNTIME = NO;
				GENERATE_INFOPLIST_FILE = NO;
				INFOPLIST_FILE = Support/Info.plist;
				LD_RUNPATH_SEARCH_PATHS = (
					"$(inherited)",
					"@executable_path/../Frameworks",
				);
				MACOSX_DEPLOYMENT_TARGET = 14.0;
				MARKETING_VERSION = 0.5.0;
				PRODUCT_BUNDLE_IDENTIFIER = local.imagecanvas.app;
				PRODUCT_NAME = "$(TARGET_NAME)";
				SWIFT_EMIT_LOC_STRINGS = YES;
				SWIFT_VERSION = 5.0;
			};
			name = Debug;
		};
		1A00000A0000000000000004 /* Release */ = {
			isa = XCBuildConfiguration;
			buildSettings = {
				ASSETCATALOG_COMPILER_APPICON_NAME = ImageCanvas;
				ASSETCATALOG_COMPILER_INCLUDE_ALL_APPICON_ASSETS = NO;
				CODE_SIGN_IDENTITY = "-";
				CODE_SIGN_STYLE = Manual;
				CURRENT_PROJECT_VERSION = 4;
				DEVELOPMENT_TEAM = "";
				ENABLE_HARDENED_RUNTIME = NO;
				GENERATE_INFOPLIST_FILE = NO;
				INFOPLIST_FILE = Support/Info.plist;
				LD_RUNPATH_SEARCH_PATHS = (
					"$(inherited)",
					"@executable_path/../Frameworks",
				);
				MACOSX_DEPLOYMENT_TARGET = 14.0;
				MARKETING_VERSION = 0.5.0;
				PRODUCT_BUNDLE_IDENTIFIER = local.imagecanvas.app;
				PRODUCT_NAME = "$(TARGET_NAME)";
				SWIFT_EMIT_LOC_STRINGS = YES;
				SWIFT_VERSION = 5.0;
			};
			name = Release;
		};
/* End XCBuildConfiguration section */

/* Begin XCConfigurationList section */
		1A0000090000000000000001 /* Build configuration list for PBXProject "ImageCanvas" */ = {
			isa = XCConfigurationList;
			buildConfigurations = (
				1A00000A0000000000000001 /* Debug */,
				1A00000A0000000000000002 /* Release */,
			);
			defaultConfigurationIsVisible = 0;
			defaultConfigurationName = Release;
		};
		1A0000090000000000000002 /* Build configuration list for PBXNativeTarget "ImageCanvas" */ = {
			isa = XCConfigurationList;
			buildConfigurations = (
				1A00000A0000000000000003 /* Debug */,
				1A00000A0000000000000004 /* Release */,
			);
			defaultConfigurationIsVisible = 0;
			defaultConfigurationName = Release;
		};
/* End XCConfigurationList section */
	};
	rootObject = 1A0000080000000000000001 /* Project object */;
}
